
Microsoft Visual Studio Solution File, Format Version 12.00
# Visual Studio 15
VisualStudioVersion = 15.0.28307.168
MinimumVisualStudioVersion = 10.0.40219.1
Project("{54435603-DBB4-11D2-8724-00A0C9A8B90C}") = "Financial Planner Server Setup", "Financial Planner Server Setup\Financial Planner Server Setup.vdproj", "{9CE9E66C-06FC-4C18-85F8-64C5D4BACAD8}"
EndProject
Global
	GlobalSection(SolutionConfigurationPlatforms) = preSolution
		Debug|Default = Debug|Default
		Release|Default = Release|Default
	EndGlobalSection
	GlobalSection(ProjectConfigurationPlatforms) = postSolution
		{9CE9E66C-06FC-4C18-85F8-64C5D4BACAD8}.Debug|Default.ActiveCfg = Debug
		{9CE9E66C-06FC-4C18-85F8-64C5D4BACAD8}.Debug|Default.Build.0 = Debug
		{9CE9E66C-06FC-4C18-85F8-64C5D4BACAD8}.Release|Default.ActiveCfg = Release
		{9CE9E66C-06FC-4C18-85F8-64C5D4BACAD8}.Release|Default.Build.0 = Release
	EndGlobalSection
	GlobalSection(SolutionProperties) = preSolution
		HideSolutionNode = FALSE
	EndGlobalSection
	GlobalSection(ExtensibilityGlobals) = postSolution
		SolutionGuid = {9D2B8DD2-C91A-43F9-A2C8-D70F70071C01}
	EndGlobalSection
EndGlobal
