
Microsoft Visual Studio Solution File, Format Version 12.00
# Visual Studio 15
VisualStudioVersion = 15.0.28307.168
MinimumVisualStudioVersion = 10.0.40219.1
Project("{54435603-DBB4-11D2-8724-00A0C9A8B90C}") = "Financial Planner Server Setup", "Financial Planner Server Setup\Financial Planner Server Setup.vdproj", "{9CE9E66C-06FC-4C18-85F8-64C5D4BACAD8}"
EndProject
Project("{FAE04EC0-301F-11D3-BF4B-00C04F79EFBC}") = "FinancialPlannerServer", "..\FinancialPlannerServer\FinancialPlannerServer.csproj", "{A709D5BE-E962-42BB-8626-FDBA7391F678}"
EndProject
Project("{FAE04EC0-301F-11D3-BF4B-00C04F79EFBC}") = "FinancialPlannerClient", "..\FinancialPlannerClient\FinancialPlannerClient.csproj", "{07192D30-076F-405E-8431-A9846D67EE4C}"
EndProject
Project("{54435603-DBB4-11D2-8724-00A0C9A8B90C}") = "Financial Planner Client Setup", "Financial Planner Client Setup\Financial Planner Client Setup.vdproj", "{B434E765-A0CA-4D29-A71E-7B0F6085FBC6}"
EndProject
Global
	GlobalSection(SolutionConfigurationPlatforms) = preSolution
		Debug|Any CPU = Debug|Any CPU
		Release|Any CPU = Release|Any CPU
	EndGlobalSection
	GlobalSection(ProjectConfigurationPlatforms) = postSolution
		{9CE9E66C-06FC-4C18-85F8-64C5D4BACAD8}.Debug|Any CPU.ActiveCfg = Debug
		{9CE9E66C-06FC-4C18-85F8-64C5D4BACAD8}.Debug|Any CPU.Build.0 = Debug
		{9CE9E66C-06FC-4C18-85F8-64C5D4BACAD8}.Release|Any CPU.ActiveCfg = Release
		{9CE9E66C-06FC-4C18-85F8-64C5D4BACAD8}.Release|Any CPU.Build.0 = Release
		{A709D5BE-E962-42BB-8626-FDBA7391F678}.Debug|Any CPU.ActiveCfg = Debug|Any CPU
		{A709D5BE-E962-42BB-8626-FDBA7391F678}.Debug|Any CPU.Build.0 = Debug|Any CPU
		{A709D5BE-E962-42BB-8626-FDBA7391F678}.Release|Any CPU.ActiveCfg = Release|Any CPU
		{A709D5BE-E962-42BB-8626-FDBA7391F678}.Release|Any CPU.Build.0 = Release|Any CPU
		{07192D30-076F-405E-8431-A9846D67EE4C}.Debug|Any CPU.ActiveCfg = Debug|Any CPU
		{07192D30-076F-405E-8431-A9846D67EE4C}.Debug|Any CPU.Build.0 = Debug|Any CPU
		{07192D30-076F-405E-8431-A9846D67EE4C}.Release|Any CPU.ActiveCfg = Release|Any CPU
		{07192D30-076F-405E-8431-A9846D67EE4C}.Release|Any CPU.Build.0 = Release|Any CPU
		{B434E765-A0CA-4D29-A71E-7B0F6085FBC6}.Debug|Any CPU.ActiveCfg = Debug
		{B434E765-A0CA-4D29-A71E-7B0F6085FBC6}.Release|Any CPU.ActiveCfg = Release
	EndGlobalSection
	GlobalSection(SolutionProperties) = preSolution
		HideSolutionNode = FALSE
	EndGlobalSection
	GlobalSection(ExtensibilityGlobals) = postSolution
		SolutionGuid = {9D2B8DD2-C91A-43F9-A2C8-D70F70071C01}
	EndGlobalSection
EndGlobal
